
Microsoft Visual Studio Solution File, Format Version 12.00
# Visual Studio Version 16
VisualStudioVersion = 16.0.28803.202
MinimumVisualStudioVersion = 10.0.40219.1
Project("{FAE04EC0-301F-11D3-BF4B-00C04F79EFBC}") = "KararYapilari", "KararYapilari\KararYapilari.csproj", "{1E79F713-15EA-42DF-892F-F4A446A81F4F}"
EndProject
Global
	GlobalSection(SolutionConfigurationPlatforms) = preSolution
		Debug|Any CPU = Debug|Any CPU
		Release|Any CPU = Release|Any CPU
	EndGlobalSection
	GlobalSection(ProjectConfigurationPlatforms) = postSolution
		{1E79F713-15EA-42DF-892F-F4A446A81F4F}.Debug|Any CPU.ActiveCfg = Debug|Any CPU
		{1E79F713-15EA-42DF-892F-F4A446A81F4F}.Debug|Any CPU.Build.0 = Debug|Any CPU
		{1E79F713-15EA-42DF-892F-F4A446A81F4F}.Release|Any CPU.ActiveCfg = Release|Any CPU
		{1E79F713-15EA-42DF-892F-F4A446A81F4F}.Release|Any CPU.Build.0 = Release|Any CPU
	EndGlobalSection
	GlobalSection(SolutionProperties) = preSolution
		HideSolutionNode = FALSE
	EndGlobalSection
	GlobalSection(ExtensibilityGlobals) = postSolution
		SolutionGuid = {E34F1E69-4AAD-4C1C-B6A7-3847E9A28AEB}
	EndGlobalSection
EndGlobal
